
Microsoft Visual Studio Solution File, Format Version 12.00
# Visual Studio Version 17
VisualStudioVersion = 17.5.33627.172
MinimumVisualStudioVersion = 10.0.40219.1
Project("{9A19103F-16F7-4668-BE54-9A1E7A4F7556}") = "Host", "Sources\Host\Host.csproj", "{6A525426-9BBE-4299-9D26-3FFF47F2276C}"
EndProject
Global
	GlobalSection(SolutionConfigurationPlatforms) = preSolution
		Debug|Any CPU = Debug|Any CPU
		Release|Any CPU = Release|Any CPU
	EndGlobalSection
	GlobalSection(ProjectConfigurationPlatforms) = postSolution
		{6A525426-9BBE-4299-9D26-3FFF47F2276C}.Debug|Any CPU.ActiveCfg = Debug|Any CPU
		{6A525426-9BBE-4299-9D26-3FFF47F2276C}.Debug|Any CPU.Build.0 = Debug|Any CPU
		{6A525426-9BBE-4299-9D26-3FFF47F2276C}.Release|Any CPU.ActiveCfg = Release|Any CPU
		{6A525426-9BBE-4299-9D26-3FFF47F2276C}.Release|Any CPU.Build.0 = Release|Any CPU
	EndGlobalSection
	GlobalSection(SolutionProperties) = preSolution
		HideSolutionNode = FALSE
	EndGlobalSection
	GlobalSection(ExtensibilityGlobals) = postSolution
		SolutionGuid = {C8D3BB9F-8D79-4288-8A13-F0973C9AB2B5}
	EndGlobalSection
EndGlobal
