
Microsoft Visual Studio Solution File, Format Version 12.00
# Visual Studio Version 17
VisualStudioVersion = 17.8.34316.72
MinimumVisualStudioVersion = 10.0.40219.1
Project("{FAE04EC0-301F-11D3-BF4B-00C04F79EFBC}") = "Host", "Sources\Host\Host.csproj", "{95AB584A-DF7B-4F0F-AEFE-30AE9D7C86E0}"
EndProject
Global
	GlobalSection(SolutionConfigurationPlatforms) = preSolution
		Debug|Any CPU = Debug|Any CPU
		Release|Any CPU = Release|Any CPU
	EndGlobalSection
	GlobalSection(ProjectConfigurationPlatforms) = postSolution
		{95AB584A-DF7B-4F0F-AEFE-30AE9D7C86E0}.Debug|Any CPU.ActiveCfg = Debug|Any CPU
		{95AB584A-DF7B-4F0F-AEFE-30AE9D7C86E0}.Debug|Any CPU.Build.0 = Debug|Any CPU
		{95AB584A-DF7B-4F0F-AEFE-30AE9D7C86E0}.Release|Any CPU.ActiveCfg = Release|Any CPU
		{95AB584A-DF7B-4F0F-AEFE-30AE9D7C86E0}.Release|Any CPU.Build.0 = Release|Any CPU
	EndGlobalSection
	GlobalSection(SolutionProperties) = preSolution
		HideSolutionNode = FALSE
	EndGlobalSection
	GlobalSection(ExtensibilityGlobals) = postSolution
		SolutionGuid = {4E2CF615-3EE8-4BCB-ACDA-63DB89046948}
	EndGlobalSection
EndGlobal
